{"is_source_file": false, "format": "", "description": "", "external_files": [], "external_methods": [], "published": [], "classes": [], "methods": [], "calls": [], "search-terms": [], "state": 2, "file_id": 8, "knowledge_revision": 30, "git_revision": "ae407b57098493277fee4c2fa28b64dc27ea70c6", "hash": "9c4ed7ef73e22b872b8055bec08b8979", "format-version": 4, "code-base-name": "default", "filename": "legalconnect_india_web/post_process_status.lock", "revision_history": [{"30": "ae407b57098493277fee4c2fa28b64dc27ea70c6"}]}