{"is_source_file": true, "file_id": 34, "git_revision": "59e7145beb4653a6308ca4e2219a9eac32b2ec2f", "state": 1, "description": "", "external_files": [], "external_methods": [], "published": [], "classes": [], "methods": [], "calls": [], "search-terms": [], "hash": "e9b4c3b42cef0193b7fddb548d37e652", "format-version": 4, "code-base-name": "default", "filename": "legalconnect_india_web/post_process_status.lock", "knowledge_revision": 87}