{"is_source_file": false, "format": "", "description": "", "external_files": [], "external_methods": [], "published": [], "classes": [], "methods": [], "calls": [], "search-terms": [], "state": 2, "file_id": 18, "knowledge_revision": 37, "git_revision": "5e3c41ca158d643b18b8c2c1d516853308a303f8", "hash": "e9b4c3b42cef0193b7fddb548d37e652", "format-version": 4, "code-base-name": "default", "filename": "legalconnect_india/post_process_status.lock", "revision_history": [{"37": "5e3c41ca158d643b18b8c2c1d516853308a303f8"}]}