{"is_source_file": false, "format": "", "description": "", "external_files": [], "external_methods": [], "published": [], "classes": [], "methods": [], "calls": [], "search-terms": [], "state": 2, "file_id": 32, "knowledge_revision": 95, "git_revision": "271d04824398e859fad1bf34767534e4f083a282", "hash": "e9b4c3b42cef0193b7fddb548d37e652", "format-version": 4, "code-base-name": "default", "filename": "legalconnect_frontend/post_process_status.lock", "revision_history": [{"95": "271d04824398e859fad1bf34767534e4f083a282"}]}